// !$*UTF8*$!
{
	archiveVersion = 1;
	classes = {
	};
	objectVersion = 55;
	objects = {

/* Begin PBXBuildFile section */
		D22C745D29499BFB00FA52B6 /* AppDelegate.swift in Sources */ = {isa = PBXBuildFile; fileRef = D22C745C29499BFB00FA52B6 /* AppDelegate.swift */; };
		D22C745F29499BFB00FA52B6 /* SceneDelegate.swift in Sources */ = {isa = PBXBuildFile; fileRef = D22C745E29499BFB00FA52B6 /* SceneDelegate.swift */; };
		D22C746129499BFB00FA52B6 /* ViewController.swift in Sources */ = {isa = PBXBuildFile; fileRef = D22C746029499BFB00FA52B6 /* ViewController.swift */; };
		D22C746429499BFB00FA52B6 /* Main.storyboard in Resources */ = {isa = PBXBuildFile; fileRef = D22C746229499BFB00FA52B6 /* Main.storyboard */; };
		D22C746629499C0200FA52B6 /* Assets.xcassets in Resources */ = {isa = PBXBuildFile; fileRef = D22C746529499C0200FA52B6 /* Assets.xcassets */; };
		D22C746929499C0200FA52B6 /* LaunchScreen.storyboard in Resources */ = {isa = PBXBuildFile; fileRef = D22C746729499C0200FA52B6 /* LaunchScreen.storyboard */; };
		D22C74712949A16100FA52B6 /* MyParticle.sks in Resources */ = {isa = PBXBuildFile; fileRef = D22C74702949A16100FA52B6 /* MyParticle.sks */; };
		D22C7473294A408000FA52B6 /* Chestnuts Roasting on an Open Fire.mp3 in Resources */ = {isa = PBXBuildFile; fileRef = D22C7472294A408000FA52B6 /* Chestnuts Roasting on an Open Fire.mp3 */; };
/* End PBXBuildFile section */

/* Begin PBXFileReference section */
		D22C745929499BFB00FA52B6 /* snowflake.app */ = {isa = PBXFileReference; explicitFileType = wrapper.application; includeInIndex = 0; path = snowflake.app; sourceTree = BUILT_PRODUCTS_DIR; };
		D22C745C29499BFB00FA52B6 /* AppDelegate.swift */ = {isa = PBXFileReference; lastKnownFileType = sourcecode.swift; path = AppDelegate.swift; sourceTree = "<group>"; };
		D22C745E29499BFB00FA52B6 /* SceneDelegate.swift */ = {isa = PBXFileReference; lastKnownFileType = sourcecode.swift; path = SceneDelegate.swift; sourceTree = "<group>"; };
		D22C746029499BFB00FA52B6 /* ViewController.swift */ = {isa = PBXFileReference; lastKnownFileType = sourcecode.swift; path = ViewController.swift; sourceTree = "<group>"; };
		D22C746329499BFB00FA52B6 /* Base */ = {isa = PBXFileReference; lastKnownFileType = file.storyboard; name = Base; path = Base.lproj/Main.storyboard; sourceTree = "<group>"; };
		D22C746529499C0200FA52B6 /* Assets.xcassets */ = {isa = PBXFileReference; lastKnownFileType = folder.assetcatalog; path = Assets.xcassets; sourceTree = "<group>"; };
		D22C746829499C0200FA52B6 /* Base */ = {isa = PBXFileReference; lastKnownFileType = file.storyboard; name = Base; path = Base.lproj/LaunchScreen.storyboard; sourceTree = "<group>"; };
		D22C746A29499C0200FA52B6 /* Info.plist */ = {isa = PBXFileReference; lastKnownFileType = text.plist.xml; path = Info.plist; sourceTree = "<group>"; };
		D22C74702949A16100FA52B6 /* MyParticle.sks */ = {isa = PBXFileReference; lastKnownFileType = file.sks; path = MyParticle.sks; sourceTree = "<group>"; };
		D22C7472294A408000FA52B6 /* Chestnuts Roasting on an Open Fire.mp3 */ = {isa = PBXFileReference; lastKnownFileType = audio.mp3; path = "Chestnuts Roasting on an Open Fire.mp3"; sourceTree = "<group>"; };
/* End PBXFileReference section */

/* Begin PBXFrameworksBuildPhase section */
		D22C745629499BFB00FA52B6 /* Frameworks */ = {
			isa = PBXFrameworksBuildPhase;
			buildActionMask = 2147483647;
			files = (
			);
			runOnlyForDeploymentPostprocessing = 0;
		};
/* End PBXFrameworksBuildPhase section */

/* Begin PBXGroup section */
		D22C745029499BFB00FA52B6 = {
			isa = PBXGroup;
			children = (
				D22C745B29499BFB00FA52B6 /* snowflake */,
				D22C745A29499BFB00FA52B6 /* Products */,
			);
			sourceTree = "<group>";
		};
		D22C745A29499BFB00FA52B6 /* Products */ = {
			isa = PBXGroup;
			children = (
				D22C745929499BFB00FA52B6 /* snowflake.app */,
			);
			name = Products;
			sourceTree = "<group>";
		};
		D22C745B29499BFB00FA52B6 /* snowflake */ = {
			isa = PBXGroup;
			children = (
				D22C745C29499BFB00FA52B6 /* AppDelegate.swift */,
				D22C745E29499BFB00FA52B6 /* SceneDelegate.swift */,
				D22C74702949A16100FA52B6 /* MyParticle.sks */,
				D22C746029499BFB00FA52B6 /* ViewController.swift */,
				D22C746229499BFB00FA52B6 /* Main.storyboard */,
				D22C746529499C0200FA52B6 /* Assets.xcassets */,
				D22C746729499C0200FA52B6 /* LaunchScreen.storyboard */,
				D22C746A29499C0200FA52B6 /* Info.plist */,
				D22C7472294A408000FA52B6 /* Chestnuts Roasting on an Open Fire.mp3 */,
			);
			path = snowflake;
			sourceTree = "<group>";
		};
/* End PBXGroup section */

/* Begin PBXNativeTarget section */
		D22C745829499BFB00FA52B6 /* snowflake */ = {
			isa = PBXNativeTarget;
			buildConfigurationList = D22C746D29499C0200FA52B6 /* Build configuration list for PBXNativeTarget "snowflake" */;
			buildPhases = (
				D22C745529499BFB00FA52B6 /* Sources */,
				D22C745629499BFB00FA52B6 /* Frameworks */,
				D22C745729499BFB00FA52B6 /* Resources */,
			);
			buildRules = (
			);
			dependencies = (
			);
			name = snowflake;
			productName = snowflake;
			productReference = D22C745929499BFB00FA52B6 /* snowflake.app */;
			productType = "com.apple.product-type.application";
		};
/* End PBXNativeTarget section */

/* Begin PBXProject section */
		D22C745129499BFB00FA52B6 /* Project object */ = {
			isa = PBXProject;
			attributes = {
				BuildIndependentTargetsInParallel = 1;
				LastSwiftUpdateCheck = 1410;
				LastUpgradeCheck = 1410;
				TargetAttributes = {
					D22C745829499BFB00FA52B6 = {
						CreatedOnToolsVersion = 14.1;
					};
				};
			};
			buildConfigurationList = D22C745429499BFB00FA52B6 /* Build configuration list for PBXProject "snowflake" */;
			compatibilityVersion = "Xcode 13.0";
			developmentRegion = en;
			hasScannedForEncodings = 0;
			knownRegions = (
				en,
				Base,
			);
			mainGroup = D22C745029499BFB00FA52B6;
			productRefGroup = D22C745A29499BFB00FA52B6 /* Products */;
			projectDirPath = "";
			projectRoot = "";
			targets = (
				D22C745829499BFB00FA52B6 /* snowflake */,
			);
		};
/* End PBXProject section */

/* Begin PBXResourcesBuildPhase section */
		D22C745729499BFB00FA52B6 /* Resources */ = {
			isa = PBXResourcesBuildPhase;
			buildActionMask = 2147483647;
			files = (
				D22C746929499C0200FA52B6 /* LaunchScreen.storyboard in Resources */,
				D22C746629499C0200FA52B6 /* Assets.xcassets in Resources */,
				D22C7473294A408000FA52B6 /* Chestnuts Roasting on an Open Fire.mp3 in Resources */,
				D22C746429499BFB00FA52B6 /* Main.storyboard in Resources */,
				D22C74712949A16100FA52B6 /* MyParticle.sks in Resources */,
			);
			runOnlyForDeploymentPostprocessing = 0;
		};
/* End PBXResourcesBuildPhase section */

/* Begin PBXSourcesBuildPhase section */
		D22C745529499BFB00FA52B6 /* Sources */ = {
			isa = PBXSourcesBuildPhase;
			buildActionMask = 2147483647;
			files = (
				D22C746129499BFB00FA52B6 /* ViewController.swift in Sources */,
				D22C745D29499BFB00FA52B6 /* AppDelegate.swift in Sources */,
				D22C745F29499BFB00FA52B6 /* SceneDelegate.swift in Sources */,
			);
			runOnlyForDeploymentPostprocessing = 0;
		};
/* End PBXSourcesBuildPhase section */

/* Begin PBXVariantGroup section */
		D22C746229499BFB00FA52B6 /* Main.storyboard */ = {
			isa = PBXVariantGroup;
			children = (
				D22C746329499BFB00FA52B6 /* Base */,
			);
			name = Main.storyboard;
			sourceTree = "<group>";
		};
		D22C746729499C0200FA52B6 /* LaunchScreen.storyboard */ = {
			isa = PBXVariantGroup;
			children = (
				D22C746829499C0200FA52B6 /* Base */,
			);
			name = LaunchScreen.storyboard;
			sourceTree = "<group>";
		};
/* End PBXVariantGroup section */

/* Begin XCBuildConfiguration section */
		D22C746B29499C0200FA52B6 /* Debug */ = {
			isa = XCBuildConfiguration;
			buildSettings = {
				ALWAYS_SEARCH_USER_PATHS = NO;
				CLANG_ANALYZER_NONNULL = YES;
				CLANG_ANALYZER_NUMBER_OBJECT_CONVERSION = YES_AGGRESSIVE;
				CLANG_CXX_LANGUAGE_STANDARD = "gnu++20";
				CLANG_ENABLE_MODULES = YES;
				CLANG_ENABLE_OBJC_ARC = YES;
				CLANG_ENABLE_OBJC_WEAK = YES;
				CLANG_WARN_BLOCK_CAPTURE_AUTORELEASING = YES;
				CLANG_WARN_BOOL_CONVERSION = YES;
				CLANG_WARN_COMMA = YES;
				CLANG_WARN_CONSTANT_CONVERSION = YES;
				CLANG_WARN_DEPRECATED_OBJC_IMPLEMENTATIONS = YES;
				CLANG_WARN_DIRECT_OBJC_ISA_USAGE = YES_ERROR;
				CLANG_WARN_DOCUMENTATION_COMMENTS = YES;
				CLANG_WARN_EMPTY_BODY = YES;
				CLANG_WARN_ENUM_CONVERSION = YES;
				CLANG_WARN_INFINITE_RECURSION = YES;
				CLANG_WARN_INT_CONVERSION = YES;
				CLANG_WARN_NON_LITERAL_NULL_CONVERSION = YES;
				CLANG_WARN_OBJC_IMPLICIT_RETAIN_SELF = YES;
				CLANG_WARN_OBJC_LITERAL_CONVERSION = YES;
				CLANG_WARN_OBJC_ROOT_CLASS = YES_ERROR;
				CLANG_WARN_QUOTED_INCLUDE_IN_FRAMEWORK_HEADER = YES;
				CLANG_WARN_RANGE_LOOP_ANALYSIS = YES;
				CLANG_WARN_STRICT_PROTOTYPES = YES;
				CLANG_WARN_SUSPICIOUS_MOVE = YES;
				CLANG_WARN_UNGUARDED_AVAILABILITY = YES_AGGRESSIVE;
				CLANG_WARN_UNREACHABLE_CODE = YES;
				CLANG_WARN__DUPLICATE_METHOD_MATCH = YES;
				COPY_PHASE_STRIP = NO;
				DEBUG_INFORMATION_FORMAT = dwarf;
				ENABLE_STRICT_OBJC_MSGSEND = YES;
				ENABLE_TESTABILITY = YES;
				GCC_C_LANGUAGE_STANDARD = gnu11;
				GCC_DYNAMIC_NO_PIC = NO;
				GCC_NO_COMMON_BLOCKS = YES;
				GCC_OPTIMIZATION_LEVEL = 0;
				GCC_PREPROCESSOR_DEFINITIONS = (
					"DEBUG=1",
					"$(inherited)",
				);
				GCC_WARN_64_TO_32_BIT_CONVERSION = YES;
				GCC_WARN_ABOUT_RETURN_TYPE = YES_ERROR;
				GCC_WARN_UNDECLARED_SELECTOR = YES;
				GCC_WARN_UNINITIALIZED_AUTOS = YES_AGGRESSIVE;
				GCC_WARN_UNUSED_FUNCTION = YES;
				GCC_WARN_UNUSED_VARIABLE = YES;
				IPHONEOS_DEPLOYMENT_TARGET = 16.1;
				MTL_ENABLE_DEBUG_INFO = INCLUDE_SOURCE;
				MTL_FAST_MATH = YES;
				ONLY_ACTIVE_ARCH = YES;
				SDKROOT = iphoneos;
				SWIFT_ACTIVE_COMPILATION_CONDITIONS = DEBUG;
				SWIFT_OPTIMIZATION_LEVEL = "-Onone";
			};
			name = Debug;
		};
		D22C746C29499C0200FA52B6 /* Release */ = {
			isa = XCBuildConfiguration;
			buildSettings = {
				ALWAYS_SEARCH_USER_PATHS = NO;
				CLANG_ANALYZER_NONNULL = YES;
				CLANG_ANALYZER_NUMBER_OBJECT_CONVERSION = YES_AGGRESSIVE;
				CLANG_CXX_LANGUAGE_STANDARD = "gnu++20";
				CLANG_ENABLE_MODULES = YES;
				CLANG_ENABLE_OBJC_ARC = YES;
				CLANG_ENABLE_OBJC_WEAK = YES;
				CLANG_WARN_BLOCK_CAPTURE_AUTORELEASING = YES;
				CLANG_WARN_BOOL_CONVERSION = YES;
				CLANG_WARN_COMMA = YES;
				CLANG_WARN_CONSTANT_CONVERSION = YES;
				CLANG_WARN_DEPRECATED_OBJC_IMPLEMENTATIONS = YES;
				CLANG_WARN_DIRECT_OBJC_ISA_USAGE = YES_ERROR;
				CLANG_WARN_DOCUMENTATION_COMMENTS = YES;
				CLANG_WARN_EMPTY_BODY = YES;
				CLANG_WARN_ENUM_CONVERSION = YES;
				CLANG_WARN_INFINITE_RECURSION = YES;
				CLANG_WARN_INT_CONVERSION = YES;
				CLANG_WARN_NON_LITERAL_NULL_CONVERSION = YES;
				CLANG_WARN_OBJC_IMPLICIT_RETAIN_SELF = YES;
				CLANG_WARN_OBJC_LITERAL_CONVERSION = YES;
				CLANG_WARN_OBJC_ROOT_CLASS = YES_ERROR;
				CLANG_WARN_QUOTED_INCLUDE_IN_FRAMEWORK_HEADER = YES;
				CLANG_WARN_RANGE_LOOP_ANALYSIS = YES;
				CLANG_WARN_STRICT_PROTOTYPES = YES;
				CLANG_WARN_SUSPICIOUS_MOVE = YES;
				CLANG_WARN_UNGUARDED_AVAILABILITY = YES_AGGRESSIVE;
				CLANG_WARN_UNREACHABLE_CODE = YES;
				CLANG_WARN__DUPLICATE_METHOD_MATCH = YES;
				COPY_PHASE_STRIP = NO;
				DEBUG_INFORMATION_FORMAT = "dwarf-with-dsym";
				ENABLE_NS_ASSERTIONS = NO;
				ENABLE_STRICT_OBJC_MSGSEND = YES;
				GCC_C_LANGUAGE_STANDARD = gnu11;
				GCC_NO_COMMON_BLOCKS = YES;
				GCC_WARN_64_TO_32_BIT_CONVERSION = YES;
				GCC_WARN_ABOUT_RETURN_TYPE = YES_ERROR;
				GCC_WARN_UNDECLARED_SELECTOR = YES;
				GCC_WARN_UNINITIALIZED_AUTOS = YES_AGGRESSIVE;
				GCC_WARN_UNUSED_FUNCTION = YES;
				GCC_WARN_UNUSED_VARIABLE = YES;
				IPHONEOS_DEPLOYMENT_TARGET = 16.1;
				MTL_ENABLE_DEBUG_INFO = NO;
				MTL_FAST_MATH = YES;
				SDKROOT = iphoneos;
				SWIFT_COMPILATION_MODE = wholemodule;
				SWIFT_OPTIMIZATION_LEVEL = "-O";
				VALIDATE_PRODUCT = YES;
			};
			name = Release;
		};
		D22C746E29499C0200FA52B6 /* Debug */ = {
			isa = XCBuildConfiguration;
			buildSettings = {
				ASSETCATALOG_COMPILER_APPICON_NAME = AppIcon;
				ASSETCATALOG_COMPILER_GLOBAL_ACCENT_COLOR_NAME = AccentColor;
				CODE_SIGN_STYLE = Automatic;
				CURRENT_PROJECT_VERSION = 1;
				DEVELOPMENT_TEAM = JB2NFHKD37;
				GENERATE_INFOPLIST_FILE = YES;
				INFOPLIST_FILE = snowflake/Info.plist;
				INFOPLIST_KEY_UIApplicationSupportsIndirectInputEvents = YES;
				INFOPLIST_KEY_UILaunchStoryboardName = LaunchScreen;
				INFOPLIST_KEY_UIMainStoryboardFile = Main;
				INFOPLIST_KEY_UISupportedInterfaceOrientations_iPad = "UIInterfaceOrientationPortrait UIInterfaceOrientationPortraitUpsideDown UIInterfaceOrientationLandscapeLeft UIInterfaceOrientationLandscapeRight";
				INFOPLIST_KEY_UISupportedInterfaceOrientations_iPhone = "UIInterfaceOrientationPortrait UIInterfaceOrientationLandscapeLeft UIInterfaceOrientationLandscapeRight";
				IPHONEOS_DEPLOYMENT_TARGET = 13.0;
				LD_RUNPATH_SEARCH_PATHS = (
					"$(inherited)",
					"@executable_path/Frameworks",
				);
				MARKETING_VERSION = 1.0;
				PRODUCT_BUNDLE_IDENTIFIER = BS.cchuang.snowflake;
				PRODUCT_NAME = "$(TARGET_NAME)";
				SWIFT_EMIT_LOC_STRINGS = YES;
				SWIFT_VERSION = 5.0;
				TARGETED_DEVICE_FAMILY = "1,2";
			};
			name = Debug;
		};
		D22C746F29499C0200FA52B6 /* Release */ = {
			isa = XCBuildConfiguration;
			buildSettings = {
				ASSETCATALOG_COMPILER_APPICON_NAME = AppIcon;
				ASSETCATALOG_COMPILER_GLOBAL_ACCENT_COLOR_NAME = AccentColor;
				CODE_SIGN_STYLE = Automatic;
				CURRENT_PROJECT_VERSION = 1;
				DEVELOPMENT_TEAM = JB2NFHKD37;
				GENERATE_INFOPLIST_FILE = YES;
				INFOPLIST_FILE = snowflake/Info.plist;
				INFOPLIST_KEY_UIApplicationSupportsIndirectInputEvents = YES;
				INFOPLIST_KEY_UILaunchStoryboardName = LaunchScreen;
				INFOPLIST_KEY_UIMainStoryboardFile = Main;
				INFOPLIST_KEY_UISupportedInterfaceOrientations_iPad = "UIInterfaceOrientationPortrait UIInterfaceOrientationPortraitUpsideDown UIInterfaceOrientationLandscapeLeft UIInterfaceOrientationLandscapeRight";
				INFOPLIST_KEY_UISupportedInterfaceOrientations_iPhone = "UIInterfaceOrientationPortrait UIInterfaceOrientationLandscapeLeft UIInterfaceOrientationLandscapeRight";
				IPHONEOS_DEPLOYMENT_TARGET = 13.0;
				LD_RUNPATH_SEARCH_PATHS = (
					"$(inherited)",
					"@executable_path/Frameworks",
				);
				MARKETING_VERSION = 1.0;
				PRODUCT_BUNDLE_IDENTIFIER = BS.cchuang.snowflake;
				PRODUCT_NAME = "$(TARGET_NAME)";
				SWIFT_EMIT_LOC_STRINGS = YES;
				SWIFT_VERSION = 5.0;
				TARGETED_DEVICE_FAMILY = "1,2";
			};
			name = Release;
		};
/* End XCBuildConfiguration section */

/* Begin XCConfigurationList section */
		D22C745429499BFB00FA52B6 /* Build configuration list for PBXProject "snowflake" */ = {
			isa = XCConfigurationList;
			buildConfigurations = (
				D22C746B29499C0200FA52B6 /* Debug */,
				D22C746C29499C0200FA52B6 /* Release */,
			);
			defaultConfigurationIsVisible = 0;
			defaultConfigurationName = Release;
		};
		D22C746D29499C0200FA52B6 /* Build configuration list for PBXNativeTarget "snowflake" */ = {
			isa = XCConfigurationList;
			buildConfigurations = (
				D22C746E29499C0200FA52B6 /* Debug */,
				D22C746F29499C0200FA52B6 /* Release */,
			);
			defaultConfigurationIsVisible = 0;
			defaultConfigurationName = Release;
		};
/* End XCConfigurationList section */
	};
	rootObject = D22C745129499BFB00FA52B6 /* Project object */;
}
